
Microsoft Visual Studio Solution File, Format Version 12.00
# Visual Studio 15
VisualStudioVersion = 15.0.27004.2006
MinimumVisualStudioVersion = 10.0.40219.1
Project("{2150E333-8FDC-42A3-9474-1A3956D46DE8}") = "main", "main", "{5EBC504C-3E50-45BF-A106-1D4A8196BC93}"
EndProject
Project("{2150E333-8FDC-42A3-9474-1A3956D46DE8}") = "tools", "tools", "{5A238D66-F200-4F7E-BC38-4EE1BCC4E73A}"
EndProject
Project("{2150E333-8FDC-42A3-9474-1A3956D46DE8}") = "tests", "tests", "{834A69F2-8962-47C8-A038-C6683D5FB998}"
EndProject
Project("{FAE04EC0-301F-11D3-BF4B-00C04F79EFBC}") = "zmachine", "main\zmachine\zmachine.csproj", "{897D8719-6C7E-4B00-A564-EA514943B4D0}"
EndProject
Project("{FAE04EC0-301F-11D3-BF4B-00C04F79EFBC}") = "ZorkConsole", "tools\ZorkConsole\ZorkConsole.csproj", "{1C1A9C99-6B3F-41AB-A7EB-DF34A9C022CF}"
EndProject
Project("{FAE04EC0-301F-11D3-BF4B-00C04F79EFBC}") = "zmachine.Tests", "tests\zmachine.Tests\zmachine.Tests.csproj", "{65EB9FD8-A664-485D-9356-EF546185F6BC}"
EndProject
Global
	GlobalSection(SolutionConfigurationPlatforms) = preSolution
		Debug|Any CPU = Debug|Any CPU
		Release|Any CPU = Release|Any CPU
	EndGlobalSection
	GlobalSection(ProjectConfigurationPlatforms) = postSolution
		{897D8719-6C7E-4B00-A564-EA514943B4D0}.Debug|Any CPU.ActiveCfg = Debug|Any CPU
		{897D8719-6C7E-4B00-A564-EA514943B4D0}.Debug|Any CPU.Build.0 = Debug|Any CPU
		{897D8719-6C7E-4B00-A564-EA514943B4D0}.Release|Any CPU.ActiveCfg = Release|Any CPU
		{897D8719-6C7E-4B00-A564-EA514943B4D0}.Release|Any CPU.Build.0 = Release|Any CPU
		{1C1A9C99-6B3F-41AB-A7EB-DF34A9C022CF}.Debug|Any CPU.ActiveCfg = Debug|Any CPU
		{1C1A9C99-6B3F-41AB-A7EB-DF34A9C022CF}.Debug|Any CPU.Build.0 = Debug|Any CPU
		{1C1A9C99-6B3F-41AB-A7EB-DF34A9C022CF}.Release|Any CPU.ActiveCfg = Release|Any CPU
		{1C1A9C99-6B3F-41AB-A7EB-DF34A9C022CF}.Release|Any CPU.Build.0 = Release|Any CPU
		{65EB9FD8-A664-485D-9356-EF546185F6BC}.Debug|Any CPU.ActiveCfg = Debug|Any CPU
		{65EB9FD8-A664-485D-9356-EF546185F6BC}.Debug|Any CPU.Build.0 = Debug|Any CPU
		{65EB9FD8-A664-485D-9356-EF546185F6BC}.Release|Any CPU.ActiveCfg = Release|Any CPU
		{65EB9FD8-A664-485D-9356-EF546185F6BC}.Release|Any CPU.Build.0 = Release|Any CPU
	EndGlobalSection
	GlobalSection(SolutionProperties) = preSolution
		HideSolutionNode = FALSE
	EndGlobalSection
	GlobalSection(NestedProjects) = preSolution
		{897D8719-6C7E-4B00-A564-EA514943B4D0} = {5EBC504C-3E50-45BF-A106-1D4A8196BC93}
		{1C1A9C99-6B3F-41AB-A7EB-DF34A9C022CF} = {5A238D66-F200-4F7E-BC38-4EE1BCC4E73A}
		{65EB9FD8-A664-485D-9356-EF546185F6BC} = {834A69F2-8962-47C8-A038-C6683D5FB998}
	EndGlobalSection
	GlobalSection(ExtensibilityGlobals) = postSolution
		SolutionGuid = {8BE1CE8E-48FB-4EC8-AA4A-0E0D16E1CA39}
	EndGlobalSection
EndGlobal
