
Microsoft Visual Studio Solution File, Format Version 12.00
# Visual Studio 15
VisualStudioVersion = 15.0.27004.2006
MinimumVisualStudioVersion = 10.0.40219.1
Project("{2150E333-8FDC-42A3-9474-1A3956D46DE8}") = "main", "main", "{5EBC504C-3E50-45BF-A106-1D4A8196BC93}"
EndProject
Project("{2150E333-8FDC-42A3-9474-1A3956D46DE8}") = "tools", "tools", "{5A238D66-F200-4F7E-BC38-4EE1BCC4E73A}"
EndProject
Project("{2150E333-8FDC-42A3-9474-1A3956D46DE8}") = "tests", "tests", "{834A69F2-8962-47C8-A038-C6683D5FB998}"
EndProject
Project("{9A19103F-16F7-4668-BE54-9A1E7A4F7556}") = "zmachine", "main\zmachine\zmachine.csproj", "{897D8719-6C7E-4B00-A564-EA514943B4D0}"
EndProject
Project("{9A19103F-16F7-4668-BE54-9A1E7A4F7556}") = "ZorkConsole", "tools\ZorkConsole\ZorkConsole.csproj", "{1C1A9C99-6B3F-41AB-A7EB-DF34A9C022CF}"
EndProject
Project("{9A19103F-16F7-4668-BE54-9A1E7A4F7556}") = "zmachine.Tests", "tests\zmachine.Tests\zmachine.Tests.csproj", "{65EB9FD8-A664-485D-9356-EF546185F6BC}"
EndProject
Project("{FAE04EC0-301F-11D3-BF4B-00C04F79EFBC}") = "ResourceGenerator", "tools\ResourceGenerator\ResourceGenerator.csproj", "{9F080455-65AF-4B5B-971D-AF4963CA099A}"
EndProject
Project("{FAE04EC0-301F-11D3-BF4B-00C04F79EFBC}") = "Zork", "main\Zork\Zork.csproj", "{257DB291-658A-485E-BEE9-153AD76DF3EA}"
EndProject
Project("{FAE04EC0-301F-11D3-BF4B-00C04F79EFBC}") = "OouiConsole", "tools\OouiConsole\OouiConsole.csproj", "{AB525E3D-5C17-4AB7-92AB-14224E4E580D}"
EndProject
Global
	GlobalSection(SolutionConfigurationPlatforms) = preSolution
		Debug|Any CPU = Debug|Any CPU
		Release|Any CPU = Release|Any CPU
	EndGlobalSection
	GlobalSection(ProjectConfigurationPlatforms) = postSolution
		{897D8719-6C7E-4B00-A564-EA514943B4D0}.Debug|Any CPU.ActiveCfg = Debug|Any CPU
		{897D8719-6C7E-4B00-A564-EA514943B4D0}.Debug|Any CPU.Build.0 = Debug|Any CPU
		{897D8719-6C7E-4B00-A564-EA514943B4D0}.Release|Any CPU.ActiveCfg = Release|Any CPU
		{897D8719-6C7E-4B00-A564-EA514943B4D0}.Release|Any CPU.Build.0 = Release|Any CPU
		{1C1A9C99-6B3F-41AB-A7EB-DF34A9C022CF}.Debug|Any CPU.ActiveCfg = Debug|Any CPU
		{1C1A9C99-6B3F-41AB-A7EB-DF34A9C022CF}.Debug|Any CPU.Build.0 = Debug|Any CPU
		{1C1A9C99-6B3F-41AB-A7EB-DF34A9C022CF}.Release|Any CPU.ActiveCfg = Release|Any CPU
		{1C1A9C99-6B3F-41AB-A7EB-DF34A9C022CF}.Release|Any CPU.Build.0 = Release|Any CPU
		{65EB9FD8-A664-485D-9356-EF546185F6BC}.Debug|Any CPU.ActiveCfg = Debug|Any CPU
		{65EB9FD8-A664-485D-9356-EF546185F6BC}.Debug|Any CPU.Build.0 = Debug|Any CPU
		{65EB9FD8-A664-485D-9356-EF546185F6BC}.Release|Any CPU.ActiveCfg = Release|Any CPU
		{65EB9FD8-A664-485D-9356-EF546185F6BC}.Release|Any CPU.Build.0 = Release|Any CPU
		{9F080455-65AF-4B5B-971D-AF4963CA099A}.Debug|Any CPU.ActiveCfg = Debug|Any CPU
		{9F080455-65AF-4B5B-971D-AF4963CA099A}.Debug|Any CPU.Build.0 = Debug|Any CPU
		{9F080455-65AF-4B5B-971D-AF4963CA099A}.Release|Any CPU.ActiveCfg = Release|Any CPU
		{9F080455-65AF-4B5B-971D-AF4963CA099A}.Release|Any CPU.Build.0 = Release|Any CPU
		{257DB291-658A-485E-BEE9-153AD76DF3EA}.Debug|Any CPU.ActiveCfg = Debug|Any CPU
		{257DB291-658A-485E-BEE9-153AD76DF3EA}.Debug|Any CPU.Build.0 = Debug|Any CPU
		{257DB291-658A-485E-BEE9-153AD76DF3EA}.Release|Any CPU.ActiveCfg = Release|Any CPU
		{257DB291-658A-485E-BEE9-153AD76DF3EA}.Release|Any CPU.Build.0 = Release|Any CPU
		{AB525E3D-5C17-4AB7-92AB-14224E4E580D}.Debug|Any CPU.ActiveCfg = Debug|Any CPU
		{AB525E3D-5C17-4AB7-92AB-14224E4E580D}.Debug|Any CPU.Build.0 = Debug|Any CPU
		{AB525E3D-5C17-4AB7-92AB-14224E4E580D}.Release|Any CPU.ActiveCfg = Release|Any CPU
		{AB525E3D-5C17-4AB7-92AB-14224E4E580D}.Release|Any CPU.Build.0 = Release|Any CPU
	EndGlobalSection
	GlobalSection(SolutionProperties) = preSolution
		HideSolutionNode = FALSE
	EndGlobalSection
	GlobalSection(NestedProjects) = preSolution
		{897D8719-6C7E-4B00-A564-EA514943B4D0} = {5EBC504C-3E50-45BF-A106-1D4A8196BC93}
		{1C1A9C99-6B3F-41AB-A7EB-DF34A9C022CF} = {5A238D66-F200-4F7E-BC38-4EE1BCC4E73A}
		{65EB9FD8-A664-485D-9356-EF546185F6BC} = {834A69F2-8962-47C8-A038-C6683D5FB998}
		{9F080455-65AF-4B5B-971D-AF4963CA099A} = {5A238D66-F200-4F7E-BC38-4EE1BCC4E73A}
		{257DB291-658A-485E-BEE9-153AD76DF3EA} = {5EBC504C-3E50-45BF-A106-1D4A8196BC93}
		{AB525E3D-5C17-4AB7-92AB-14224E4E580D} = {5A238D66-F200-4F7E-BC38-4EE1BCC4E73A}
	EndGlobalSection
	GlobalSection(ExtensibilityGlobals) = postSolution
		SolutionGuid = {8BE1CE8E-48FB-4EC8-AA4A-0E0D16E1CA39}
	EndGlobalSection
EndGlobal
